
Microsoft Visual Studio Solution File, Format Version 12.00
# Visual Studio Version 17
VisualStudioVersion = 17.9.34607.119
MinimumVisualStudioVersion = 10.0.40219.1
Project("{FAE04EC0-301F-11D3-BF4B-00C04F79EFBC}") = "gasprom test", "gasprom test\gasprom test.csproj", "{68C73350-3B79-449A-8C70-83043C13BF1A}"
EndProject
Global
	GlobalSection(SolutionConfigurationPlatforms) = preSolution
		Debug|Any CPU = Debug|Any CPU
		Release|Any CPU = Release|Any CPU
	EndGlobalSection
	GlobalSection(ProjectConfigurationPlatforms) = postSolution
		{68C73350-3B79-449A-8C70-83043C13BF1A}.Debug|Any CPU.ActiveCfg = Debug|Any CPU
		{68C73350-3B79-449A-8C70-83043C13BF1A}.Debug|Any CPU.Build.0 = Debug|Any CPU
		{68C73350-3B79-449A-8C70-83043C13BF1A}.Release|Any CPU.ActiveCfg = Release|Any CPU
		{68C73350-3B79-449A-8C70-83043C13BF1A}.Release|Any CPU.Build.0 = Release|Any CPU
	EndGlobalSection
	GlobalSection(SolutionProperties) = preSolution
		HideSolutionNode = FALSE
	EndGlobalSection
	GlobalSection(ExtensibilityGlobals) = postSolution
		SolutionGuid = {1F352308-FBCB-484F-87B9-350F0468D7A6}
	EndGlobalSection
EndGlobal
